# This file is generated by running "yarn install" inside your project.
# Manual changes might be lost - proceed with caution!

__metadata:
  version: 8
  cacheKey: 10c0

"@types/chrome@npm:^0.0.268":
  version: 0.0.268
  resolution: "@types/chrome@npm:0.0.268"
  dependencies:
    "@types/filesystem": "npm:*"
    "@types/har-format": "npm:*"
  checksum: 10c0/2701a43ec00d102302adeb9c8b8ff3f7644c0359fada720e4c9c74f6fa4ac3b14ce231d4fbba743e6e758e9741f738d4d333b005e9a3ebb7fac23c13792bd532
  languageName: node
  linkType: hard

"@types/filesystem@npm:*":
  version: 0.0.36
  resolution: "@types/filesystem@npm:0.0.36"
  dependencies:
    "@types/filewriter": "npm:*"
  checksum: 10c0/3ebec32f0494b0a2612187d148e9f253ff55672c53f566d9a1e6d891eb6e2372df93c252b594b2775bc53e6660c4c37fdb05dc1b26e72b60a31010da8e1f7317
  languageName: node
  linkType: hard

"@types/filewriter@npm:*":
  version: 0.0.33
  resolution: "@types/filewriter@npm:0.0.33"
  checksum: 10c0/363ef9a658a961ceae04f52934562e4ebdcdc3a2564dd8544f593d77113c16574938b6ba4fea0bee418c37bda0668c1e03dfedb6adf00d55853f51fb3a59247b
  languageName: node
  linkType: hard

"@types/har-format@npm:*":
  version: 1.2.15
  resolution: "@types/har-format@npm:1.2.15"
  checksum: 10c0/43ede55c3947e5cf59561f165930dc2eb3ae983fd162980cdc7274be1e7f528a6f77e65fee9a02a20d91b09bde10bed832b0470724f5c744ef6669015d00564e
  languageName: node
  linkType: hard

"tweet-moderator@workspace:.":
  version: 0.0.0-use.local
  resolution: "tweet-moderator@workspace:."
  dependencies:
    "@types/chrome": "npm:^0.0.268"
    typescript: "npm:^5.5.3"
  languageName: unknown
  linkType: soft

"typescript@npm:^5.5.3":
  version: 5.5.3
  resolution: "typescript@npm:5.5.3"
  bin:
    tsc: bin/tsc
    tsserver: bin/tsserver
  checksum: 10c0/f52c71ccbc7080b034b9d3b72051d563601a4815bf3e39ded188e6ce60813f75dbedf11ad15dd4d32a12996a9ed8c7155b46c93a9b9c9bad1049766fe614bbdd
  languageName: node
  linkType: hard

"typescript@patch:typescript@npm%3A^5.5.3#optional!builtin<compat/typescript>":
  version: 5.5.3
  resolution: "typescript@patch:typescript@npm%3A5.5.3#optional!builtin<compat/typescript>::version=5.5.3&hash=b45daf"
  bin:
    tsc: bin/tsc
    tsserver: bin/tsserver
  checksum: 10c0/5a437c416251334deeaf29897157032311f3f126547cfdc4b133768b606cb0e62bcee733bb97cf74c42fe7268801aea1392d8e40988cdef112e9546eba4c03c5
  languageName: node
  linkType: hard
